// !$*UTF8*$!
{
	archiveVersion = 1;
	classes = {
	};
	objectVersion = 55;
	objects = {

/* Begin PBXBuildFile section */
		CE0FB07329062C8900988FBD /* cities.json in Resources */ = {isa = PBXBuildFile; fileRef = CE0FB07229062C8900988FBD /* cities.json */; };
		CE456D60290E0B97008864DE /* UserSettings.swift in Sources */ = {isa = PBXBuildFile; fileRef = CE456D5F290E0B97008864DE /* UserSettings.swift */; };
		CE4FE8A329074BF900058608 /* Api.swift in Sources */ = {isa = PBXBuildFile; fileRef = CE4FE8A229074BF900058608 /* Api.swift */; };
		CEEF24E22905F12600630EC0 /* BasicWeatherApp.swift in Sources */ = {isa = PBXBuildFile; fileRef = CEEF24E12905F12600630EC0 /* BasicWeatherApp.swift */; };
		CEEF24E42905F12600630EC0 /* ContentView.swift in Sources */ = {isa = PBXBuildFile; fileRef = CEEF24E32905F12600630EC0 /* ContentView.swift */; };
		CEEF24E62905F12800630EC0 /* Assets.xcassets in Resources */ = {isa = PBXBuildFile; fileRef = CEEF24E52905F12800630EC0 /* Assets.xcassets */; };
		CEEF24E92905F12800630EC0 /* Preview Assets.xcassets in Resources */ = {isa = PBXBuildFile; fileRef = CEEF24E82905F12800630EC0 /* Preview Assets.xcassets */; };
		CEEF24F32905F12800630EC0 /* BasicWeatherTests.swift in Sources */ = {isa = PBXBuildFile; fileRef = CEEF24F22905F12800630EC0 /* BasicWeatherTests.swift */; };
		CEEF24FD2905F12800630EC0 /* BasicWeatherUITests.swift in Sources */ = {isa = PBXBuildFile; fileRef = CEEF24FC2905F12800630EC0 /* BasicWeatherUITests.swift */; };
		CEEF24FF2905F12800630EC0 /* BasicWeatherUITestsLaunchTests.swift in Sources */ = {isa = PBXBuildFile; fileRef = CEEF24FE2905F12800630EC0 /* BasicWeatherUITestsLaunchTests.swift */; };
/* End PBXBuildFile section */

/* Begin PBXContainerItemProxy section */
		CEEF24EF2905F12800630EC0 /* PBXContainerItemProxy */ = {
			isa = PBXContainerItemProxy;
			containerPortal = CEEF24D62905F12600630EC0 /* Project object */;
			proxyType = 1;
			remoteGlobalIDString = CEEF24DD2905F12600630EC0;
			remoteInfo = BasicWeather;
		};
		CEEF24F92905F12800630EC0 /* PBXContainerItemProxy */ = {
			isa = PBXContainerItemProxy;
			containerPortal = CEEF24D62905F12600630EC0 /* Project object */;
			proxyType = 1;
			remoteGlobalIDString = CEEF24DD2905F12600630EC0;
			remoteInfo = BasicWeather;
		};
/* End PBXContainerItemProxy section */

/* Begin PBXFileReference section */
		CE0FB07229062C8900988FBD /* cities.json */ = {isa = PBXFileReference; fileEncoding = 4; lastKnownFileType = text.json; path = cities.json; sourceTree = SOURCE_ROOT; };
		CE456D5F290E0B97008864DE /* UserSettings.swift */ = {isa = PBXFileReference; lastKnownFileType = sourcecode.swift; path = UserSettings.swift; sourceTree = "<group>"; };
		CE4FE8A1290710D000058608 /* Info.plist */ = {isa = PBXFileReference; lastKnownFileType = text.plist; path = Info.plist; sourceTree = "<group>"; };
		CE4FE8A229074BF900058608 /* Api.swift */ = {isa = PBXFileReference; lastKnownFileType = sourcecode.swift; path = Api.swift; sourceTree = "<group>"; };
		CEEF24DE2905F12600630EC0 /* BasicWeather.app */ = {isa = PBXFileReference; explicitFileType = wrapper.application; includeInIndex = 0; path = BasicWeather.app; sourceTree = BUILT_PRODUCTS_DIR; };
		CEEF24E12905F12600630EC0 /* BasicWeatherApp.swift */ = {isa = PBXFileReference; lastKnownFileType = sourcecode.swift; path = BasicWeatherApp.swift; sourceTree = "<group>"; };
		CEEF24E32905F12600630EC0 /* ContentView.swift */ = {isa = PBXFileReference; lastKnownFileType = sourcecode.swift; path = ContentView.swift; sourceTree = "<group>"; };
		CEEF24E52905F12800630EC0 /* Assets.xcassets */ = {isa = PBXFileReference; lastKnownFileType = folder.assetcatalog; path = Assets.xcassets; sourceTree = "<group>"; };
		CEEF24E82905F12800630EC0 /* Preview Assets.xcassets */ = {isa = PBXFileReference; lastKnownFileType = folder.assetcatalog; path = "Preview Assets.xcassets"; sourceTree = "<group>"; };
		CEEF24EE2905F12800630EC0 /* BasicWeatherTests.xctest */ = {isa = PBXFileReference; explicitFileType = wrapper.cfbundle; includeInIndex = 0; path = BasicWeatherTests.xctest; sourceTree = BUILT_PRODUCTS_DIR; };
		CEEF24F22905F12800630EC0 /* BasicWeatherTests.swift */ = {isa = PBXFileReference; lastKnownFileType = sourcecode.swift; path = BasicWeatherTests.swift; sourceTree = "<group>"; };
		CEEF24F82905F12800630EC0 /* BasicWeatherUITests.xctest */ = {isa = PBXFileReference; explicitFileType = wrapper.cfbundle; includeInIndex = 0; path = BasicWeatherUITests.xctest; sourceTree = BUILT_PRODUCTS_DIR; };
		CEEF24FC2905F12800630EC0 /* BasicWeatherUITests.swift */ = {isa = PBXFileReference; lastKnownFileType = sourcecode.swift; path = BasicWeatherUITests.swift; sourceTree = "<group>"; };
		CEEF24FE2905F12800630EC0 /* BasicWeatherUITestsLaunchTests.swift */ = {isa = PBXFileReference; lastKnownFileType = sourcecode.swift; path = BasicWeatherUITestsLaunchTests.swift; sourceTree = "<group>"; };
/* End PBXFileReference section */

/* Begin PBXFrameworksBuildPhase section */
		CEEF24DB2905F12600630EC0 /* Frameworks */ = {
			isa = PBXFrameworksBuildPhase;
			buildActionMask = 2147483647;
			files = (
			);
			runOnlyForDeploymentPostprocessing = 0;
		};
		CEEF24EB2905F12800630EC0 /* Frameworks */ = {
			isa = PBXFrameworksBuildPhase;
			buildActionMask = 2147483647;
			files = (
			);
			runOnlyForDeploymentPostprocessing = 0;
		};
		CEEF24F52905F12800630EC0 /* Frameworks */ = {
			isa = PBXFrameworksBuildPhase;
			buildActionMask = 2147483647;
			files = (
			);
			runOnlyForDeploymentPostprocessing = 0;
		};
/* End PBXFrameworksBuildPhase section */

/* Begin PBXGroup section */
		CEEF24D52905F12600630EC0 = {
			isa = PBXGroup;
			children = (
				CEEF24E02905F12600630EC0 /* BasicWeather */,
				CEEF24F12905F12800630EC0 /* BasicWeatherTests */,
				CEEF24FB2905F12800630EC0 /* BasicWeatherUITests */,
				CEEF24DF2905F12600630EC0 /* Products */,
			);
			sourceTree = "<group>";
		};
		CEEF24DF2905F12600630EC0 /* Products */ = {
			isa = PBXGroup;
			children = (
				CEEF24DE2905F12600630EC0 /* BasicWeather.app */,
				CEEF24EE2905F12800630EC0 /* BasicWeatherTests.xctest */,
				CEEF24F82905F12800630EC0 /* BasicWeatherUITests.xctest */,
			);
			name = Products;
			sourceTree = "<group>";
		};
		CEEF24E02905F12600630EC0 /* BasicWeather */ = {
			isa = PBXGroup;
			children = (
				CE4FE8A1290710D000058608 /* Info.plist */,
				CEEF24E12905F12600630EC0 /* BasicWeatherApp.swift */,
				CEEF24E32905F12600630EC0 /* ContentView.swift */,
				CE4FE8A229074BF900058608 /* Api.swift */,
				CE0FB07229062C8900988FBD /* cities.json */,
				CEEF24E52905F12800630EC0 /* Assets.xcassets */,
				CEEF24E72905F12800630EC0 /* Preview Content */,
				CE456D5F290E0B97008864DE /* UserSettings.swift */,
			);
			path = BasicWeather;
			sourceTree = "<group>";
		};
		CEEF24E72905F12800630EC0 /* Preview Content */ = {
			isa = PBXGroup;
			children = (
				CEEF24E82905F12800630EC0 /* Preview Assets.xcassets */,
			);
			path = "Preview Content";
			sourceTree = "<group>";
		};
		CEEF24F12905F12800630EC0 /* BasicWeatherTests */ = {
			isa = PBXGroup;
			children = (
				CEEF24F22905F12800630EC0 /* BasicWeatherTests.swift */,
			);
			path = BasicWeatherTests;
			sourceTree = "<group>";
		};
		CEEF24FB2905F12800630EC0 /* BasicWeatherUITests */ = {
			isa = PBXGroup;
			children = (
				CEEF24FC2905F12800630EC0 /* BasicWeatherUITests.swift */,
				CEEF24FE2905F12800630EC0 /* BasicWeatherUITestsLaunchTests.swift */,
			);
			path = BasicWeatherUITests;
			sourceTree = "<group>";
		};
/* End PBXGroup section */

/* Begin PBXNativeTarget section */
		CEEF24DD2905F12600630EC0 /* BasicWeather */ = {
			isa = PBXNativeTarget;
			buildConfigurationList = CEEF25022905F12800630EC0 /* Build configuration list for PBXNativeTarget "BasicWeather" */;
			buildPhases = (
				CEEF24DA2905F12600630EC0 /* Sources */,
				CEEF24DB2905F12600630EC0 /* Frameworks */,
				CEEF24DC2905F12600630EC0 /* Resources */,
			);
			buildRules = (
			);
			dependencies = (
			);
			name = BasicWeather;
			productName = BasicWeather;
			productReference = CEEF24DE2905F12600630EC0 /* BasicWeather.app */;
			productType = "com.apple.product-type.application";
		};
		CEEF24ED2905F12800630EC0 /* BasicWeatherTests */ = {
			isa = PBXNativeTarget;
			buildConfigurationList = CEEF25052905F12800630EC0 /* Build configuration list for PBXNativeTarget "BasicWeatherTests" */;
			buildPhases = (
				CEEF24EA2905F12800630EC0 /* Sources */,
				CEEF24EB2905F12800630EC0 /* Frameworks */,
				CEEF24EC2905F12800630EC0 /* Resources */,
			);
			buildRules = (
			);
			dependencies = (
				CEEF24F02905F12800630EC0 /* PBXTargetDependency */,
			);
			name = BasicWeatherTests;
			productName = BasicWeatherTests;
			productReference = CEEF24EE2905F12800630EC0 /* BasicWeatherTests.xctest */;
			productType = "com.apple.product-type.bundle.unit-test";
		};
		CEEF24F72905F12800630EC0 /* BasicWeatherUITests */ = {
			isa = PBXNativeTarget;
			buildConfigurationList = CEEF25082905F12800630EC0 /* Build configuration list for PBXNativeTarget "BasicWeatherUITests" */;
			buildPhases = (
				CEEF24F42905F12800630EC0 /* Sources */,
				CEEF24F52905F12800630EC0 /* Frameworks */,
				CEEF24F62905F12800630EC0 /* Resources */,
			);
			buildRules = (
			);
			dependencies = (
				CEEF24FA2905F12800630EC0 /* PBXTargetDependency */,
			);
			name = BasicWeatherUITests;
			productName = BasicWeatherUITests;
			productReference = CEEF24F82905F12800630EC0 /* BasicWeatherUITests.xctest */;
			productType = "com.apple.product-type.bundle.ui-testing";
		};
/* End PBXNativeTarget section */

/* Begin PBXProject section */
		CEEF24D62905F12600630EC0 /* Project object */ = {
			isa = PBXProject;
			attributes = {
				BuildIndependentTargetsInParallel = 1;
				LastSwiftUpdateCheck = 1320;
				LastUpgradeCheck = 1320;
				TargetAttributes = {
					CEEF24DD2905F12600630EC0 = {
						CreatedOnToolsVersion = 13.2.1;
					};
					CEEF24ED2905F12800630EC0 = {
						CreatedOnToolsVersion = 13.2.1;
						TestTargetID = CEEF24DD2905F12600630EC0;
					};
					CEEF24F72905F12800630EC0 = {
						CreatedOnToolsVersion = 13.2.1;
						TestTargetID = CEEF24DD2905F12600630EC0;
					};
				};
			};
			buildConfigurationList = CEEF24D92905F12600630EC0 /* Build configuration list for PBXProject "BasicWeather" */;
			compatibilityVersion = "Xcode 13.0";
			developmentRegion = en;
			hasScannedForEncodings = 0;
			knownRegions = (
				en,
				Base,
			);
			mainGroup = CEEF24D52905F12600630EC0;
			productRefGroup = CEEF24DF2905F12600630EC0 /* Products */;
			projectDirPath = "";
			projectRoot = "";
			targets = (
				CEEF24DD2905F12600630EC0 /* BasicWeather */,
				CEEF24ED2905F12800630EC0 /* BasicWeatherTests */,
				CEEF24F72905F12800630EC0 /* BasicWeatherUITests */,
			);
		};
/* End PBXProject section */

/* Begin PBXResourcesBuildPhase section */
		CEEF24DC2905F12600630EC0 /* Resources */ = {
			isa = PBXResourcesBuildPhase;
			buildActionMask = 2147483647;
			files = (
				CE0FB07329062C8900988FBD /* cities.json in Resources */,
				CEEF24E92905F12800630EC0 /* Preview Assets.xcassets in Resources */,
				CEEF24E62905F12800630EC0 /* Assets.xcassets in Resources */,
			);
			runOnlyForDeploymentPostprocessing = 0;
		};
		CEEF24EC2905F12800630EC0 /* Resources */ = {
			isa = PBXResourcesBuildPhase;
			buildActionMask = 2147483647;
			files = (
			);
			runOnlyForDeploymentPostprocessing = 0;
		};
		CEEF24F62905F12800630EC0 /* Resources */ = {
			isa = PBXResourcesBuildPhase;
			buildActionMask = 2147483647;
			files = (
			);
			runOnlyForDeploymentPostprocessing = 0;
		};
/* End PBXResourcesBuildPhase section */

/* Begin PBXSourcesBuildPhase section */
		CEEF24DA2905F12600630EC0 /* Sources */ = {
			isa = PBXSourcesBuildPhase;
			buildActionMask = 2147483647;
			files = (
				CE4FE8A329074BF900058608 /* Api.swift in Sources */,
				CE456D60290E0B97008864DE /* UserSettings.swift in Sources */,
				CEEF24E42905F12600630EC0 /* ContentView.swift in Sources */,
				CEEF24E22905F12600630EC0 /* BasicWeatherApp.swift in Sources */,
			);
			runOnlyForDeploymentPostprocessing = 0;
		};
		CEEF24EA2905F12800630EC0 /* Sources */ = {
			isa = PBXSourcesBuildPhase;
			buildActionMask = 2147483647;
			files = (
				CEEF24F32905F12800630EC0 /* BasicWeatherTests.swift in Sources */,
			);
			runOnlyForDeploymentPostprocessing = 0;
		};
		CEEF24F42905F12800630EC0 /* Sources */ = {
			isa = PBXSourcesBuildPhase;
			buildActionMask = 2147483647;
			files = (
				CEEF24FF2905F12800630EC0 /* BasicWeatherUITestsLaunchTests.swift in Sources */,
				CEEF24FD2905F12800630EC0 /* BasicWeatherUITests.swift in Sources */,
			);
			runOnlyForDeploymentPostprocessing = 0;
		};
/* End PBXSourcesBuildPhase section */

/* Begin PBXTargetDependency section */
		CEEF24F02905F12800630EC0 /* PBXTargetDependency */ = {
			isa = PBXTargetDependency;
			target = CEEF24DD2905F12600630EC0 /* BasicWeather */;
			targetProxy = CEEF24EF2905F12800630EC0 /* PBXContainerItemProxy */;
		};
		CEEF24FA2905F12800630EC0 /* PBXTargetDependency */ = {
			isa = PBXTargetDependency;
			target = CEEF24DD2905F12600630EC0 /* BasicWeather */;
			targetProxy = CEEF24F92905F12800630EC0 /* PBXContainerItemProxy */;
		};
/* End PBXTargetDependency section */

/* Begin XCBuildConfiguration section */
		CEEF25002905F12800630EC0 /* Debug */ = {
			isa = XCBuildConfiguration;
			buildSettings = {
				ALWAYS_SEARCH_USER_PATHS = NO;
				CLANG_ANALYZER_NONNULL = YES;
				CLANG_ANALYZER_NUMBER_OBJECT_CONVERSION = YES_AGGRESSIVE;
				CLANG_CXX_LANGUAGE_STANDARD = "gnu++17";
				CLANG_CXX_LIBRARY = "libc++";
				CLANG_ENABLE_MODULES = YES;
				CLANG_ENABLE_OBJC_ARC = YES;
				CLANG_ENABLE_OBJC_WEAK = YES;
				CLANG_WARN_BLOCK_CAPTURE_AUTORELEASING = YES;
				CLANG_WARN_BOOL_CONVERSION = YES;
				CLANG_WARN_COMMA = YES;
				CLANG_WARN_CONSTANT_CONVERSION = YES;
				CLANG_WARN_DEPRECATED_OBJC_IMPLEMENTATIONS = YES;
				CLANG_WARN_DIRECT_OBJC_ISA_USAGE = YES_ERROR;
				CLANG_WARN_DOCUMENTATION_COMMENTS = YES;
				CLANG_WARN_EMPTY_BODY = YES;
				CLANG_WARN_ENUM_CONVERSION = YES;
				CLANG_WARN_INFINITE_RECURSION = YES;
				CLANG_WARN_INT_CONVERSION = YES;
				CLANG_WARN_NON_LITERAL_NULL_CONVERSION = YES;
				CLANG_WARN_OBJC_IMPLICIT_RETAIN_SELF = YES;
				CLANG_WARN_OBJC_LITERAL_CONVERSION = YES;
				CLANG_WARN_OBJC_ROOT_CLASS = YES_ERROR;
				CLANG_WARN_QUOTED_INCLUDE_IN_FRAMEWORK_HEADER = YES;
				CLANG_WARN_RANGE_LOOP_ANALYSIS = YES;
				CLANG_WARN_STRICT_PROTOTYPES = YES;
				CLANG_WARN_SUSPICIOUS_MOVE = YES;
				CLANG_WARN_UNGUARDED_AVAILABILITY = YES_AGGRESSIVE;
				CLANG_WARN_UNREACHABLE_CODE = YES;
				CLANG_WARN__DUPLICATE_METHOD_MATCH = YES;
				COPY_PHASE_STRIP = NO;
				DEBUG_INFORMATION_FORMAT = dwarf;
				ENABLE_STRICT_OBJC_MSGSEND = YES;
				ENABLE_TESTABILITY = YES;
				GCC_C_LANGUAGE_STANDARD = gnu11;
				GCC_DYNAMIC_NO_PIC = NO;
				GCC_NO_COMMON_BLOCKS = YES;
				GCC_OPTIMIZATION_LEVEL = 0;
				GCC_PREPROCESSOR_DEFINITIONS = (
					"DEBUG=1",
					"$(inherited)",
				);
				GCC_WARN_64_TO_32_BIT_CONVERSION = YES;
				GCC_WARN_ABOUT_RETURN_TYPE = YES_ERROR;
				GCC_WARN_UNDECLARED_SELECTOR = YES;
				GCC_WARN_UNINITIALIZED_AUTOS = YES_AGGRESSIVE;
				GCC_WARN_UNUSED_FUNCTION = YES;
				GCC_WARN_UNUSED_VARIABLE = YES;
				IPHONEOS_DEPLOYMENT_TARGET = 15.2;
				MTL_ENABLE_DEBUG_INFO = INCLUDE_SOURCE;
				MTL_FAST_MATH = YES;
				ONLY_ACTIVE_ARCH = YES;
				SDKROOT = iphoneos;
				SWIFT_ACTIVE_COMPILATION_CONDITIONS = DEBUG;
				SWIFT_OPTIMIZATION_LEVEL = "-Onone";
			};
			name = Debug;
		};
		CEEF25012905F12800630EC0 /* Release */ = {
			isa = XCBuildConfiguration;
			buildSettings = {
				ALWAYS_SEARCH_USER_PATHS = NO;
				CLANG_ANALYZER_NONNULL = YES;
				CLANG_ANALYZER_NUMBER_OBJECT_CONVERSION = YES_AGGRESSIVE;
				CLANG_CXX_LANGUAGE_STANDARD = "gnu++17";
				CLANG_CXX_LIBRARY = "libc++";
				CLANG_ENABLE_MODULES = YES;
				CLANG_ENABLE_OBJC_ARC = YES;
				CLANG_ENABLE_OBJC_WEAK = YES;
				CLANG_WARN_BLOCK_CAPTURE_AUTORELEASING = YES;
				CLANG_WARN_BOOL_CONVERSION = YES;
				CLANG_WARN_COMMA = YES;
				CLANG_WARN_CONSTANT_CONVERSION = YES;
				CLANG_WARN_DEPRECATED_OBJC_IMPLEMENTATIONS = YES;
				CLANG_WARN_DIRECT_OBJC_ISA_USAGE = YES_ERROR;
				CLANG_WARN_DOCUMENTATION_COMMENTS = YES;
				CLANG_WARN_EMPTY_BODY = YES;
				CLANG_WARN_ENUM_CONVERSION = YES;
				CLANG_WARN_INFINITE_RECURSION = YES;
				CLANG_WARN_INT_CONVERSION = YES;
				CLANG_WARN_NON_LITERAL_NULL_CONVERSION = YES;
				CLANG_WARN_OBJC_IMPLICIT_RETAIN_SELF = YES;
				CLANG_WARN_OBJC_LITERAL_CONVERSION = YES;
				CLANG_WARN_OBJC_ROOT_CLASS = YES_ERROR;
				CLANG_WARN_QUOTED_INCLUDE_IN_FRAMEWORK_HEADER = YES;
				CLANG_WARN_RANGE_LOOP_ANALYSIS = YES;
				CLANG_WARN_STRICT_PROTOTYPES = YES;
				CLANG_WARN_SUSPICIOUS_MOVE = YES;
				CLANG_WARN_UNGUARDED_AVAILABILITY = YES_AGGRESSIVE;
				CLANG_WARN_UNREACHABLE_CODE = YES;
				CLANG_WARN__DUPLICATE_METHOD_MATCH = YES;
				COPY_PHASE_STRIP = NO;
				DEBUG_INFORMATION_FORMAT = "dwarf-with-dsym";
				ENABLE_NS_ASSERTIONS = NO;
				ENABLE_STRICT_OBJC_MSGSEND = YES;
				GCC_C_LANGUAGE_STANDARD = gnu11;
				GCC_NO_COMMON_BLOCKS = YES;
				GCC_WARN_64_TO_32_BIT_CONVERSION = YES;
				GCC_WARN_ABOUT_RETURN_TYPE = YES_ERROR;
				GCC_WARN_UNDECLARED_SELECTOR = YES;
				GCC_WARN_UNINITIALIZED_AUTOS = YES_AGGRESSIVE;
				GCC_WARN_UNUSED_FUNCTION = YES;
				GCC_WARN_UNUSED_VARIABLE = YES;
				IPHONEOS_DEPLOYMENT_TARGET = 15.2;
				MTL_ENABLE_DEBUG_INFO = NO;
				MTL_FAST_MATH = YES;
				SDKROOT = iphoneos;
				SWIFT_COMPILATION_MODE = wholemodule;
				SWIFT_OPTIMIZATION_LEVEL = "-O";
				VALIDATE_PRODUCT = YES;
			};
			name = Release;
		};
		CEEF25032905F12800630EC0 /* Debug */ = {
			isa = XCBuildConfiguration;
			buildSettings = {
				ASSETCATALOG_COMPILER_APPICON_NAME = AppIcon;
				ASSETCATALOG_COMPILER_GLOBAL_ACCENT_COLOR_NAME = AccentColor;
				CODE_SIGN_STYLE = Automatic;
				CURRENT_PROJECT_VERSION = 1;
				DEVELOPMENT_ASSET_PATHS = "\"BasicWeather/Preview Content\"";
				DEVELOPMENT_TEAM = RTP3SYS7Y3;
				ENABLE_PREVIEWS = YES;
				GENERATE_INFOPLIST_FILE = YES;
				INFOPLIST_FILE = BasicWeather/Info.plist;
				INFOPLIST_KEY_UIApplicationSceneManifest_Generation = YES;
				INFOPLIST_KEY_UIApplicationSupportsIndirectInputEvents = YES;
				INFOPLIST_KEY_UILaunchScreen_Generation = YES;
				INFOPLIST_KEY_UISupportedInterfaceOrientations_iPad = "UIInterfaceOrientationPortrait UIInterfaceOrientationPortraitUpsideDown UIInterfaceOrientationLandscapeLeft UIInterfaceOrientationLandscapeRight";
				INFOPLIST_KEY_UISupportedInterfaceOrientations_iPhone = "UIInterfaceOrientationPortrait UIInterfaceOrientationLandscapeLeft UIInterfaceOrientationLandscapeRight";
				LD_RUNPATH_SEARCH_PATHS = (
					"$(inherited)",
					"@executable_path/Frameworks",
				);
				MARKETING_VERSION = 1.0;
				PRODUCT_BUNDLE_IDENTIFIER = com.pandaming.basicweather;
				PRODUCT_NAME = "$(TARGET_NAME)";
				SWIFT_EMIT_LOC_STRINGS = YES;
				SWIFT_VERSION = 5.0;
				TARGETED_DEVICE_FAMILY = 1;
			};
			name = Debug;
		};
		CEEF25042905F12800630EC0 /* Release */ = {
			isa = XCBuildConfiguration;
			buildSettings = {
				ASSETCATALOG_COMPILER_APPICON_NAME = AppIcon;
				ASSETCATALOG_COMPILER_GLOBAL_ACCENT_COLOR_NAME = AccentColor;
				CODE_SIGN_STYLE = Automatic;
				CURRENT_PROJECT_VERSION = 1;
				DEVELOPMENT_ASSET_PATHS = "\"BasicWeather/Preview Content\"";
				DEVELOPMENT_TEAM = RTP3SYS7Y3;
				ENABLE_PREVIEWS = YES;
				GENERATE_INFOPLIST_FILE = YES;
				INFOPLIST_FILE = BasicWeather/Info.plist;
				INFOPLIST_KEY_UIApplicationSceneManifest_Generation = YES;
				INFOPLIST_KEY_UIApplicationSupportsIndirectInputEvents = YES;
				INFOPLIST_KEY_UILaunchScreen_Generation = YES;
				INFOPLIST_KEY_UISupportedInterfaceOrientations_iPad = "UIInterfaceOrientationPortrait UIInterfaceOrientationPortraitUpsideDown UIInterfaceOrientationLandscapeLeft UIInterfaceOrientationLandscapeRight";
				INFOPLIST_KEY_UISupportedInterfaceOrientations_iPhone = "UIInterfaceOrientationPortrait UIInterfaceOrientationLandscapeLeft UIInterfaceOrientationLandscapeRight";
				LD_RUNPATH_SEARCH_PATHS = (
					"$(inherited)",
					"@executable_path/Frameworks",
				);
				MARKETING_VERSION = 1.0;
				PRODUCT_BUNDLE_IDENTIFIER = com.pandaming.basicweather;
				PRODUCT_NAME = "$(TARGET_NAME)";
				SWIFT_EMIT_LOC_STRINGS = YES;
				SWIFT_VERSION = 5.0;
				TARGETED_DEVICE_FAMILY = 1;
			};
			name = Release;
		};
		CEEF25062905F12800630EC0 /* Debug */ = {
			isa = XCBuildConfiguration;
			buildSettings = {
				ALWAYS_EMBED_SWIFT_STANDARD_LIBRARIES = YES;
				BUNDLE_LOADER = "$(TEST_HOST)";
				CODE_SIGN_STYLE = Automatic;
				CURRENT_PROJECT_VERSION = 1;
				GENERATE_INFOPLIST_FILE = YES;
				IPHONEOS_DEPLOYMENT_TARGET = 15.2;
				MARKETING_VERSION = 1.0;
				PRODUCT_BUNDLE_IDENTIFIER = Panda.BasicWeatherTests;
				PRODUCT_NAME = "$(TARGET_NAME)";
				SWIFT_EMIT_LOC_STRINGS = NO;
				SWIFT_VERSION = 5.0;
				TARGETED_DEVICE_FAMILY = "1,2";
				TEST_HOST = "$(BUILT_PRODUCTS_DIR)/BasicWeather.app/BasicWeather";
			};
			name = Debug;
		};
		CEEF25072905F12800630EC0 /* Release */ = {
			isa = XCBuildConfiguration;
			buildSettings = {
				ALWAYS_EMBED_SWIFT_STANDARD_LIBRARIES = YES;
				BUNDLE_LOADER = "$(TEST_HOST)";
				CODE_SIGN_STYLE = Automatic;
				CURRENT_PROJECT_VERSION = 1;
				GENERATE_INFOPLIST_FILE = YES;
				IPHONEOS_DEPLOYMENT_TARGET = 15.2;
				MARKETING_VERSION = 1.0;
				PRODUCT_BUNDLE_IDENTIFIER = Panda.BasicWeatherTests;
				PRODUCT_NAME = "$(TARGET_NAME)";
				SWIFT_EMIT_LOC_STRINGS = NO;
				SWIFT_VERSION = 5.0;
				TARGETED_DEVICE_FAMILY = "1,2";
				TEST_HOST = "$(BUILT_PRODUCTS_DIR)/BasicWeather.app/BasicWeather";
			};
			name = Release;
		};
		CEEF25092905F12800630EC0 /* Debug */ = {
			isa = XCBuildConfiguration;
			buildSettings = {
				ALWAYS_EMBED_SWIFT_STANDARD_LIBRARIES = YES;
				CODE_SIGN_STYLE = Automatic;
				CURRENT_PROJECT_VERSION = 1;
				GENERATE_INFOPLIST_FILE = YES;
				MARKETING_VERSION = 1.0;
				PRODUCT_BUNDLE_IDENTIFIER = Panda.BasicWeatherUITests;
				PRODUCT_NAME = "$(TARGET_NAME)";
				SWIFT_EMIT_LOC_STRINGS = NO;
				SWIFT_VERSION = 5.0;
				TARGETED_DEVICE_FAMILY = "1,2";
				TEST_TARGET_NAME = BasicWeather;
			};
			name = Debug;
		};
		CEEF250A2905F12800630EC0 /* Release */ = {
			isa = XCBuildConfiguration;
			buildSettings = {
				ALWAYS_EMBED_SWIFT_STANDARD_LIBRARIES = YES;
				CODE_SIGN_STYLE = Automatic;
				CURRENT_PROJECT_VERSION = 1;
				GENERATE_INFOPLIST_FILE = YES;
				MARKETING_VERSION = 1.0;
				PRODUCT_BUNDLE_IDENTIFIER = Panda.BasicWeatherUITests;
				PRODUCT_NAME = "$(TARGET_NAME)";
				SWIFT_EMIT_LOC_STRINGS = NO;
				SWIFT_VERSION = 5.0;
				TARGETED_DEVICE_FAMILY = "1,2";
				TEST_TARGET_NAME = BasicWeather;
			};
			name = Release;
		};
/* End XCBuildConfiguration section */

/* Begin XCConfigurationList section */
		CEEF24D92905F12600630EC0 /* Build configuration list for PBXProject "BasicWeather" */ = {
			isa = XCConfigurationList;
			buildConfigurations = (
				CEEF25002905F12800630EC0 /* Debug */,
				CEEF25012905F12800630EC0 /* Release */,
			);
			defaultConfigurationIsVisible = 0;
			defaultConfigurationName = Release;
		};
		CEEF25022905F12800630EC0 /* Build configuration list for PBXNativeTarget "BasicWeather" */ = {
			isa = XCConfigurationList;
			buildConfigurations = (
				CEEF25032905F12800630EC0 /* Debug */,
				CEEF25042905F12800630EC0 /* Release */,
			);
			defaultConfigurationIsVisible = 0;
			defaultConfigurationName = Release;
		};
		CEEF25052905F12800630EC0 /* Build configuration list for PBXNativeTarget "BasicWeatherTests" */ = {
			isa = XCConfigurationList;
			buildConfigurations = (
				CEEF25062905F12800630EC0 /* Debug */,
				CEEF25072905F12800630EC0 /* Release */,
			);
			defaultConfigurationIsVisible = 0;
			defaultConfigurationName = Release;
		};
		CEEF25082905F12800630EC0 /* Build configuration list for PBXNativeTarget "BasicWeatherUITests" */ = {
			isa = XCConfigurationList;
			buildConfigurations = (
				CEEF25092905F12800630EC0 /* Debug */,
				CEEF250A2905F12800630EC0 /* Release */,
			);
			defaultConfigurationIsVisible = 0;
			defaultConfigurationName = Release;
		};
/* End XCConfigurationList section */
	};
	rootObject = CEEF24D62905F12600630EC0 /* Project object */;
}
